
Microsoft Visual Studio Solution File, Format Version 11.00
# Visual Studio 2010
Project("{FAE04EC0-301F-11D3-BF4B-00C04F79EFBC}") = "KJing", "kjing\KJing.csproj", "{F1847742-3D53-43F4-B19D-9DFAD199744F}"
EndProject
Project("{9344BDBB-3E7F-41FC-A0DD-8665D75EE146}") = "share", "share\share.mdproj", "{4535063E-FEEA-46BE-A5C7-BBC4F851C73E}"
EndProject
Project("{FAE04EC0-301F-11D3-BF4B-00C04F79EFBC}") = "TestAirPlay", "TestAirPlay\TestAirPlay.csproj", "{FA7BC8D1-9842-483F-9645-B5E82BBFEB52}"
EndProject
Project("{9344BDBB-3E7F-41FC-A0DD-8665D75EE146}") = "debian", "debian\debian.mdproj", "{F74CC7A8-3DC5-4032-A3E9-007A55CB3E4F}"
EndProject
Project("{FAE04EC0-301F-11D3-BF4B-00C04F79EFBC}") = "TestKJing", "TestKJing\TestKJing.csproj", "{F535F13C-8097-405D-B5AB-57C6CF01D0C6}"
EndProject
Global
	GlobalSection(SolutionConfigurationPlatforms) = preSolution
		Default|Any CPU = Default|Any CPU
		Release|Any CPU = Release|Any CPU
		Debug|Any CPU = Debug|Any CPU
	EndGlobalSection
	GlobalSection(ProjectConfigurationPlatforms) = postSolution
		{4535063E-FEEA-46BE-A5C7-BBC4F851C73E}.Debug|Any CPU.ActiveCfg = Debug|Any CPU
		{4535063E-FEEA-46BE-A5C7-BBC4F851C73E}.Debug|Any CPU.Build.0 = Debug|Any CPU
		{4535063E-FEEA-46BE-A5C7-BBC4F851C73E}.Default|Any CPU.ActiveCfg = Default|Any CPU
		{4535063E-FEEA-46BE-A5C7-BBC4F851C73E}.Default|Any CPU.Build.0 = Default|Any CPU
		{4535063E-FEEA-46BE-A5C7-BBC4F851C73E}.Release|Any CPU.ActiveCfg = Release|Any CPU
		{4535063E-FEEA-46BE-A5C7-BBC4F851C73E}.Release|Any CPU.Build.0 = Release|Any CPU
		{F1847742-3D53-43F4-B19D-9DFAD199744F}.Debug|Any CPU.ActiveCfg = Debug|Any CPU
		{F1847742-3D53-43F4-B19D-9DFAD199744F}.Debug|Any CPU.Build.0 = Debug|Any CPU
		{F1847742-3D53-43F4-B19D-9DFAD199744F}.Release|Any CPU.ActiveCfg = Release|Any CPU
		{F1847742-3D53-43F4-B19D-9DFAD199744F}.Release|Any CPU.Build.0 = Release|Any CPU
		{F535F13C-8097-405D-B5AB-57C6CF01D0C6}.Debug|Any CPU.ActiveCfg = Debug|Any CPU
		{F535F13C-8097-405D-B5AB-57C6CF01D0C6}.Debug|Any CPU.Build.0 = Debug|Any CPU
		{F535F13C-8097-405D-B5AB-57C6CF01D0C6}.Default|Any CPU.ActiveCfg = Release|Any CPU
		{F535F13C-8097-405D-B5AB-57C6CF01D0C6}.Default|Any CPU.Build.0 = Release|Any CPU
		{F535F13C-8097-405D-B5AB-57C6CF01D0C6}.Release|Any CPU.ActiveCfg = Release|Any CPU
		{F535F13C-8097-405D-B5AB-57C6CF01D0C6}.Release|Any CPU.Build.0 = Release|Any CPU
		{F74CC7A8-3DC5-4032-A3E9-007A55CB3E4F}.Debug|Any CPU.ActiveCfg = Default|Any CPU
		{F74CC7A8-3DC5-4032-A3E9-007A55CB3E4F}.Debug|Any CPU.Build.0 = Default|Any CPU
		{F74CC7A8-3DC5-4032-A3E9-007A55CB3E4F}.Default|Any CPU.ActiveCfg = Default|Any CPU
		{F74CC7A8-3DC5-4032-A3E9-007A55CB3E4F}.Default|Any CPU.Build.0 = Default|Any CPU
		{F74CC7A8-3DC5-4032-A3E9-007A55CB3E4F}.Release|Any CPU.ActiveCfg = Default|Any CPU
		{F74CC7A8-3DC5-4032-A3E9-007A55CB3E4F}.Release|Any CPU.Build.0 = Default|Any CPU
		{FA7BC8D1-9842-483F-9645-B5E82BBFEB52}.Debug|Any CPU.ActiveCfg = Debug|Any CPU
		{FA7BC8D1-9842-483F-9645-B5E82BBFEB52}.Default|Any CPU.ActiveCfg = Release|Any CPU
		{FA7BC8D1-9842-483F-9645-B5E82BBFEB52}.Default|Any CPU.Build.0 = Release|Any CPU
		{FA7BC8D1-9842-483F-9645-B5E82BBFEB52}.Release|Any CPU.ActiveCfg = Release|Any CPU
	EndGlobalSection
	GlobalSection(MonoDevelopProperties) = preSolution
		Policies = $0
		$0.DotNetNamingPolicy = $1
		$1.DirectoryNamespaceAssociation = Flat
		$1.ResourceNamePolicy = FileFormatDefault
		$0.StandardHeader = $2
		$2.Text = 
		$2.IncludeInNewFiles = True
		$0.NameConventionPolicy = $3
		$3.Rules = $4
		$4.NamingRule = $5
		$5.Name = Namespaces
		$5.AffectedEntity = Namespace
		$5.VisibilityMask = VisibilityMask
		$5.NamingStyle = PascalCase
		$5.IncludeInstanceMembers = True
		$5.IncludeStaticEntities = True
		$4.NamingRule = $6
		$6.Name = Types
		$6.AffectedEntity = Class, Struct, Enum, Delegate
		$6.VisibilityMask = Public
		$6.NamingStyle = PascalCase
		$6.IncludeInstanceMembers = True
		$6.IncludeStaticEntities = True
		$4.NamingRule = $7
		$7.Name = Interfaces
		$7.RequiredPrefixes = $8
		$8.String = I
		$7.AffectedEntity = Interface
		$7.VisibilityMask = Public
		$7.NamingStyle = PascalCase
		$7.IncludeInstanceMembers = True
		$7.IncludeStaticEntities = True
		$4.NamingRule = $9
		$9.Name = Attributes
		$9.RequiredSuffixes = $10
		$10.String = Attribute
		$9.AffectedEntity = CustomAttributes
		$9.VisibilityMask = Public
		$9.NamingStyle = PascalCase
		$9.IncludeInstanceMembers = True
		$9.IncludeStaticEntities = True
		$4.NamingRule = $11
		$11.Name = Event Arguments
		$11.RequiredSuffixes = $12
		$12.String = EventArgs
		$11.AffectedEntity = CustomEventArgs
		$11.VisibilityMask = Public
		$11.NamingStyle = PascalCase
		$11.IncludeInstanceMembers = True
		$11.IncludeStaticEntities = True
		$4.NamingRule = $13
		$13.Name = Exceptions
		$13.RequiredSuffixes = $14
		$14.String = Exception
		$13.AffectedEntity = CustomExceptions
		$13.VisibilityMask = VisibilityMask
		$13.NamingStyle = PascalCase
		$13.IncludeInstanceMembers = True
		$13.IncludeStaticEntities = True
		$4.NamingRule = $15
		$15.Name = Methods
		$15.AffectedEntity = Methods
		$15.VisibilityMask = Protected, Public
		$15.NamingStyle = PascalCase
		$15.IncludeInstanceMembers = True
		$15.IncludeStaticEntities = True
		$4.NamingRule = $16
		$16.Name = Static Readonly Fields
		$16.AffectedEntity = ReadonlyField
		$16.VisibilityMask = Protected, Public
		$16.NamingStyle = PascalCase
		$16.IncludeInstanceMembers = False
		$16.IncludeStaticEntities = True
		$4.NamingRule = $17
		$17.Name = Fields
		$17.AffectedEntity = Field
		$17.VisibilityMask = Protected, Public
		$17.NamingStyle = PascalCase
		$17.IncludeInstanceMembers = True
		$17.IncludeStaticEntities = True
		$4.NamingRule = $18
		$18.Name = ReadOnly Fields
		$18.AffectedEntity = ReadonlyField
		$18.VisibilityMask = Protected, Public
		$18.NamingStyle = PascalCase
		$18.IncludeInstanceMembers = True
		$18.IncludeStaticEntities = False
		$4.NamingRule = $19
		$19.Name = Constant Fields
		$19.AffectedEntity = ConstantField
		$19.VisibilityMask = Protected, Public
		$19.NamingStyle = PascalCase
		$19.IncludeInstanceMembers = True
		$19.IncludeStaticEntities = True
		$4.NamingRule = $20
		$20.Name = Properties
		$20.AffectedEntity = Property
		$20.VisibilityMask = Protected, Public
		$20.NamingStyle = PascalCase
		$20.IncludeInstanceMembers = True
		$20.IncludeStaticEntities = True
		$4.NamingRule = $21
		$21.Name = Events
		$21.AffectedEntity = Event
		$21.VisibilityMask = Protected, Public
		$21.NamingStyle = PascalCase
		$21.IncludeInstanceMembers = True
		$21.IncludeStaticEntities = True
		$4.NamingRule = $22
		$22.Name = Enum Members
		$22.AffectedEntity = EnumMember
		$22.VisibilityMask = VisibilityMask
		$22.NamingStyle = PascalCase
		$22.IncludeInstanceMembers = True
		$22.IncludeStaticEntities = True
		$4.NamingRule = $23
		$23.Name = Parameters
		$23.AffectedEntity = Parameter
		$23.VisibilityMask = VisibilityMask
		$23.NamingStyle = CamelCase
		$23.IncludeInstanceMembers = True
		$23.IncludeStaticEntities = True
		$4.NamingRule = $24
		$24.Name = Type Parameters
		$24.RequiredPrefixes = $25
		$25.String = T
		$24.AffectedEntity = TypeParameter
		$24.VisibilityMask = VisibilityMask
		$24.NamingStyle = PascalCase
		$24.IncludeInstanceMembers = True
		$24.IncludeStaticEntities = True
		$0.VersionControlPolicy = $26
		$26.inheritsSet = Mono
		$0.ChangeLogPolicy = $27
		$27.UpdateMode = None
		$27.MessageStyle = $28
		$28.LineAlign = 0
		$27.inheritsSet = Mono
		$0.TextStylePolicy = $29
		$29.FileWidth = 120
		$29.TabsToSpaces = False
		$29.EolMarker = Unix
		$29.inheritsSet = VisualStudio
		$29.inheritsScope = text/plain
		$29.scope = text/x-csharp
		$0.CSharpFormattingPolicy = $30
		$30.IndentSwitchBody = True
		$30.ElseNewLinePlacement = NewLine
		$30.CatchNewLinePlacement = NewLine
		$30.FinallyNewLinePlacement = NewLine
		$30.BeforeMethodDeclarationParentheses = False
		$30.BeforeMethodCallParentheses = False
		$30.BeforeConstructorDeclarationParentheses = False
		$30.NewLineBeforeConstructorInitializerColon = SameLine
		$30.NewLineAfterConstructorInitializerColon = SameLine
		$30.BeforeIndexerDeclarationBracket = False
		$30.BeforeDelegateDeclarationParentheses = False
		$30.AfterDelegateDeclarationParameterComma = True
		$30.NewParentheses = False
		$30.IfParentheses = False
		$30.WhileParentheses = False
		$30.ForParentheses = False
		$30.ForeachParentheses = False
		$30.CatchParentheses = False
		$30.SwitchParentheses = False
		$30.LockParentheses = False
		$30.UsingParentheses = False
		$30.SpacesBeforeBrackets = False
		$30.inheritsSet = Mono
		$30.inheritsScope = text/x-csharp
		$30.scope = text/x-csharp
		$0.TextStylePolicy = $31
		$31.inheritsSet = Mono
		$31.inheritsScope = text/plain
		$31.scope = image/svg+xml
		$0.XmlFormattingPolicy = $32
		$32.inheritsSet = Mono
		$32.inheritsScope = application/xml
		$32.scope = image/svg+xml
		$0.TextStylePolicy = $33
		$33.FileWidth = 120
		$33.TabsToSpaces = False
		$33.inheritsSet = VisualStudio
		$33.inheritsScope = text/plain
		$33.scope = application/xml
		$0.XmlFormattingPolicy = $34
		$34.inheritsSet = Mono
		$34.inheritsScope = application/xml
		$34.scope = application/xml
		$0.TextStylePolicy = $35
		$35.FileWidth = 120
		$35.TabsToSpaces = False
		$35.inheritsSet = VisualStudio
		$35.inheritsScope = text/plain
		$35.scope = text/plain
		$0.TextStylePolicy = $36
		$36.inheritsSet = null
		$36.scope = application/javascript
	EndGlobalSection
EndGlobal
